dependencies:
- name: mariadb
  repository: https://charts.eu-de-2.cloud.sap
  version: 0.7.5
- name: memcached
  repository: https://charts.eu-de-2.cloud.sap
  version: 0.1.1
- name: mysql_metrics
  repository: https://charts.eu-de-2.cloud.sap
  version: 0.2.7
- name: rabbitmq
  repository: https://charts.eu-de-2.cloud.sap
  version: 0.5.1
- name: utils
  repository: https://charts.eu-de-2.cloud.sap
  version: 0.4.1
- name: owner-info
  repository: https://charts.eu-de-2.cloud.sap
  version: 0.2.0
digest: sha256:3181292ceecd889dfda32bfeea76575578e6ff209f0a3856fd2a8b18e1c1d505
generated: "2023-06-06T16:02:23.413032233+02:00"
