dependencies:
- name: mariadb
  repository: https://charts.eu-de-2.cloud.sap
  version: 0.7.5
- name: memcached
  repository: https://charts.eu-de-2.cloud.sap
  version: 0.1.1
- name: mysql_metrics
  repository: https://charts.eu-de-2.cloud.sap
  version: 0.2.7
- name: rabbitmq
  repository: https://charts.eu-de-2.cloud.sap
  version: 0.5.1
- name: rabbitmq
  repository: https://charts.eu-de-2.cloud.sap
  version: 0.5.1
- name: utils
  repository: https://charts.eu-de-2.cloud.sap
  version: 0.10.0
- name: owner-info
  repository: https://charts.eu-de-2.cloud.sap
  version: 0.2.0
digest: sha256:3415bfb6ca1eccd7223482f30e5e1340f6dac55090f86d51bb81f36b93abe371
generated: "2023-06-01T11:24:42.098753849+02:00"
