dependencies:
- name: gha-runner-scale-set-controller
  repository: oci://ghcr.io/actions/actions-runner-controller-charts
  version: 0.5.0
- name: owner-info
  repository: https://charts.eu-de-2.cloud.sap
  version: 0.2.0
digest: sha256:2ba981f25258972c616bf0d56aea61cfd552ea787261aace6ad8963aee3d2e00
generated: "2023-09-11T16:58:07.691416-04:00"
